speakeasyVersion: 1.557.0
sources:
    documenso-OAS:
        sourceNamespace: documenso-v-2-beta-api
        sourceRevisionDigest: sha256:f6430b0cc0c2d5b7a14e59359376c04f78458dd953a630f4a58093e86b4b56f7
        sourceBlobDigest: sha256:b5ace18675a2927ed909e9e7210586bfd0bad91e1efebe408005432746a1511c
        tags:
            - latest
            - speakeasy-sdk-regen-1744158406
targets:
    documenso:
        source: documenso-OAS
        sourceNamespace: documenso-v-2-beta-api
        sourceRevisionDigest: sha256:f6430b0cc0c2d5b7a14e59359376c04f78458dd953a630f4a58093e86b4b56f7
        sourceBlobDigest: sha256:b5ace18675a2927ed909e9e7210586bfd0bad91e1efebe408005432746a1511c
        codeSamplesNamespace: documenso-oas-go-code-samples
        codeSamplesRevisionDigest: sha256:66c93dc10f818b251cd01ef1269c44aafdb7024dd32f00452c7ceafb5963db0f
workflow:
    workflowVersion: 1.0.0
    speakeasyVersion: latest
    sources:
        documenso-OAS:
            inputs:
                - location: registry.speakeasyapi.dev/documenso-inc/api/documenso-v-2-beta-api:main
            registry:
                location: registry.speakeasyapi.dev/documenso-inc/api/documenso-oas
    targets:
        documenso:
            target: go
            source: documenso-OAS
            codeSamples:
                registry:
                    location: registry.speakeasyapi.dev/documenso-inc/api/documenso-oas-go-code-samples
                labelOverride:
                    fixedValue: Go (SDK)
                blocking: false
