speakeasyVersion: 1.637.3
sources:
    documenso-OAS:
        sourceNamespace: documenso-v-2-beta-api
        sourceRevisionDigest: sha256:5655c327963c859a6b2690d2f07ff5a14c557dae975710c55e1e94a3a8ca03c5
        sourceBlobDigest: sha256:628fee4fefdec824deaa24deaf158a9f7e61fea8a997f4e39e47dca425903deb
        tags:
            - latest
            - speakeasy-sdk-regen-1759796835
targets:
    documenso:
        source: documenso-OAS
        sourceNamespace: documenso-v-2-beta-api
        sourceRevisionDigest: sha256:5655c327963c859a6b2690d2f07ff5a14c557dae975710c55e1e94a3a8ca03c5
        sourceBlobDigest: sha256:628fee4fefdec824deaa24deaf158a9f7e61fea8a997f4e39e47dca425903deb
        codeSamplesNamespace: documenso-oas-go-code-samples
        codeSamplesRevisionDigest: sha256:f149171f464756509ef8867bdfaacf300d90a449f9e17b6803fc4576d9cca701
workflow:
    workflowVersion: 1.0.0
    speakeasyVersion: latest
    sources:
        documenso-OAS:
            inputs:
                - location: registry.speakeasyapi.dev/documenso-inc/api/documenso-v-2-beta-api:main
            registry:
                location: registry.speakeasyapi.dev/documenso-inc/api/documenso-oas
    targets:
        documenso:
            target: go
            source: documenso-OAS
            codeSamples:
                registry:
                    location: registry.speakeasyapi.dev/documenso-inc/api/documenso-oas-go-code-samples
                labelOverride:
                    fixedValue: Go (SDK)
                blocking: false
